
Microsoft Visual Studio Solution File, Format Version 12.00
# Visual Studio Version 16
VisualStudioVersion = 16.0.29728.190
MinimumVisualStudioVersion = 10.0.40219.1
Project("{FAE04EC0-301F-11D3-BF4B-00C04F79EFBC}") = "ExceptionsExample", "ExceptionsExample\ExceptionsExample.csproj", "{71BD4A49-3553-482F-AF35-A6D38FDFE912}"
EndProject
Global
	GlobalSection(SolutionConfigurationPlatforms) = preSolution
		Debug|Any CPU = Debug|Any CPU
		Release|Any CPU = Release|Any CPU
	EndGlobalSection
	GlobalSection(ProjectConfigurationPlatforms) = postSolution
		{71BD4A49-3553-482F-AF35-A6D38FDFE912}.Debug|Any CPU.ActiveCfg = Debug|Any CPU
		{71BD4A49-3553-482F-AF35-A6D38FDFE912}.Debug|Any CPU.Build.0 = Debug|Any CPU
		{71BD4A49-3553-482F-AF35-A6D38FDFE912}.Release|Any CPU.ActiveCfg = Release|Any CPU
		{71BD4A49-3553-482F-AF35-A6D38FDFE912}.Release|Any CPU.Build.0 = Release|Any CPU
	EndGlobalSection
	GlobalSection(SolutionProperties) = preSolution
		HideSolutionNode = FALSE
	EndGlobalSection
	GlobalSection(ExtensibilityGlobals) = postSolution
		SolutionGuid = {EE937AAC-677E-44D2-91FF-21C63BFF850B}
	EndGlobalSection
EndGlobal
